// !$*UTF8*$!
{
	archiveVersion = 1;
	classes = {
	};
	objectVersion = 51;
	objects = {

/* Begin PBXBuildFile section */
		40490E1CD105690488D25A94 /* Pods_TodoApp.framework in Frameworks */ = {isa = PBXBuildFile; fileRef = F1D4314C43A11439278B710F /* Pods_TodoApp.framework */; };
		40E583DE26F567180067202E /* AppDelegate.swift in Sources */ = {isa = PBXBuildFile; fileRef = 40E583DD26F567180067202E /* AppDelegate.swift */; };
		40E583E026F567180067202E /* SceneDelegate.swift in Sources */ = {isa = PBXBuildFile; fileRef = 40E583DF26F567180067202E /* SceneDelegate.swift */; };
		40E583E226F567180067202E /* CategoryViewController.swift in Sources */ = {isa = PBXBuildFile; fileRef = 40E583E126F567180067202E /* CategoryViewController.swift */; };
		40E583E526F567180067202E /* Main.storyboard in Resources */ = {isa = PBXBuildFile; fileRef = 40E583E326F567180067202E /* Main.storyboard */; };
		40E583E726F5671B0067202E /* Assets.xcassets in Resources */ = {isa = PBXBuildFile; fileRef = 40E583E626F5671B0067202E /* Assets.xcassets */; };
		40E583EA26F5671B0067202E /* LaunchScreen.storyboard in Resources */ = {isa = PBXBuildFile; fileRef = 40E583E826F5671B0067202E /* LaunchScreen.storyboard */; };
		40E583F426F567F80067202E /* ToDoListViewController.swift in Sources */ = {isa = PBXBuildFile; fileRef = 40E583F326F567F80067202E /* ToDoListViewController.swift */; };
		40E583F626F5681C0067202E /* SwipeTableViewController.swift in Sources */ = {isa = PBXBuildFile; fileRef = 40E583F526F5681C0067202E /* SwipeTableViewController.swift */; };
		40E583F826F568370067202E /* Category.swift in Sources */ = {isa = PBXBuildFile; fileRef = 40E583F726F568370067202E /* Category.swift */; };
		40E583FB26F5684E0067202E /* Item.swift in Sources */ = {isa = PBXBuildFile; fileRef = 40E583FA26F5684E0067202E /* Item.swift */; };
/* End PBXBuildFile section */

/* Begin PBXFileReference section */
		40E583DA26F567180067202E /* TodoApp.app */ = {isa = PBXFileReference; explicitFileType = wrapper.application; includeInIndex = 0; path = TodoApp.app; sourceTree = BUILT_PRODUCTS_DIR; };
		40E583DD26F567180067202E /* AppDelegate.swift */ = {isa = PBXFileReference; lastKnownFileType = sourcecode.swift; path = AppDelegate.swift; sourceTree = "<group>"; };
		40E583DF26F567180067202E /* SceneDelegate.swift */ = {isa = PBXFileReference; lastKnownFileType = sourcecode.swift; path = SceneDelegate.swift; sourceTree = "<group>"; };
		40E583E126F567180067202E /* CategoryViewController.swift */ = {isa = PBXFileReference; lastKnownFileType = sourcecode.swift; path = CategoryViewController.swift; sourceTree = "<group>"; };
		40E583E426F567180067202E /* Base */ = {isa = PBXFileReference; lastKnownFileType = file.storyboard; name = Base; path = Base.lproj/Main.storyboard; sourceTree = "<group>"; };
		40E583E626F5671B0067202E /* Assets.xcassets */ = {isa = PBXFileReference; lastKnownFileType = folder.assetcatalog; path = Assets.xcassets; sourceTree = "<group>"; };
		40E583E926F5671B0067202E /* Base */ = {isa = PBXFileReference; lastKnownFileType = file.storyboard; name = Base; path = Base.lproj/LaunchScreen.storyboard; sourceTree = "<group>"; };
		40E583EB26F5671B0067202E /* Info.plist */ = {isa = PBXFileReference; lastKnownFileType = text.plist.xml; path = Info.plist; sourceTree = "<group>"; };
		40E583F326F567F80067202E /* ToDoListViewController.swift */ = {isa = PBXFileReference; lastKnownFileType = sourcecode.swift; path = ToDoListViewController.swift; sourceTree = "<group>"; };
		40E583F526F5681C0067202E /* SwipeTableViewController.swift */ = {isa = PBXFileReference; lastKnownFileType = sourcecode.swift; path = SwipeTableViewController.swift; sourceTree = "<group>"; };
		40E583F726F568370067202E /* Category.swift */ = {isa = PBXFileReference; lastKnownFileType = sourcecode.swift; path = Category.swift; sourceTree = "<group>"; };
		40E583FA26F5684E0067202E /* Item.swift */ = {isa = PBXFileReference; lastKnownFileType = sourcecode.swift; path = Item.swift; sourceTree = "<group>"; };
		8928F5DB1C10FDF7A78BBE00 /* Pods-TodoApp.debug.xcconfig */ = {isa = PBXFileReference; includeInIndex = 1; lastKnownFileType = text.xcconfig; name = "Pods-TodoApp.debug.xcconfig"; path = "Target Support Files/Pods-TodoApp/Pods-TodoApp.debug.xcconfig"; sourceTree = "<group>"; };
		AA1AD0D4282FD954FC0249D7 /* Pods-TodoApp.release.xcconfig */ = {isa = PBXFileReference; includeInIndex = 1; lastKnownFileType = text.xcconfig; name = "Pods-TodoApp.release.xcconfig"; path = "Target Support Files/Pods-TodoApp/Pods-TodoApp.release.xcconfig"; sourceTree = "<group>"; };
		F1D4314C43A11439278B710F /* Pods_TodoApp.framework */ = {isa = PBXFileReference; explicitFileType = wrapper.framework; includeInIndex = 0; path = Pods_TodoApp.framework; sourceTree = BUILT_PRODUCTS_DIR; };
/* End PBXFileReference section */

/* Begin PBXFrameworksBuildPhase section */
		40E583D726F567180067202E /* Frameworks */ = {
			isa = PBXFrameworksBuildPhase;
			buildActionMask = 2147483647;
			files = (
				40490E1CD105690488D25A94 /* Pods_TodoApp.framework in Frameworks */,
			);
			runOnlyForDeploymentPostprocessing = 0;
		};
/* End PBXFrameworksBuildPhase section */

/* Begin PBXGroup section */
		0CA3CC3B35469DC210568078 /* Pods */ = {
			isa = PBXGroup;
			children = (
				8928F5DB1C10FDF7A78BBE00 /* Pods-TodoApp.debug.xcconfig */,
				AA1AD0D4282FD954FC0249D7 /* Pods-TodoApp.release.xcconfig */,
			);
			path = Pods;
			sourceTree = "<group>";
		};
		40E583D126F567180067202E = {
			isa = PBXGroup;
			children = (
				40E583DC26F567180067202E /* TodoApp */,
				40E583DB26F567180067202E /* Products */,
				0CA3CC3B35469DC210568078 /* Pods */,
				AD2FB583DA1DB22235C18A54 /* Frameworks */,
			);
			sourceTree = "<group>";
		};
		40E583DB26F567180067202E /* Products */ = {
			isa = PBXGroup;
			children = (
				40E583DA26F567180067202E /* TodoApp.app */,
			);
			name = Products;
			sourceTree = "<group>";
		};
		40E583DC26F567180067202E /* TodoApp */ = {
			isa = PBXGroup;
			children = (
				40E583DD26F567180067202E /* AppDelegate.swift */,
				40E583DF26F567180067202E /* SceneDelegate.swift */,
				40E583F926F5683B0067202E /* Data Model */,
				40E583F126F567A10067202E /* Controllers */,
				40E583F226F567A80067202E /* Views */,
				40E583E626F5671B0067202E /* Assets.xcassets */,
				40E583E826F5671B0067202E /* LaunchScreen.storyboard */,
				40E583EB26F5671B0067202E /* Info.plist */,
			);
			path = TodoApp;
			sourceTree = "<group>";
		};
		40E583F126F567A10067202E /* Controllers */ = {
			isa = PBXGroup;
			children = (
				40E583E126F567180067202E /* CategoryViewController.swift */,
				40E583F326F567F80067202E /* ToDoListViewController.swift */,
				40E583F526F5681C0067202E /* SwipeTableViewController.swift */,
			);
			path = Controllers;
			sourceTree = "<group>";
		};
		40E583F226F567A80067202E /* Views */ = {
			isa = PBXGroup;
			children = (
				40E583E326F567180067202E /* Main.storyboard */,
			);
			path = Views;
			sourceTree = "<group>";
		};
		40E583F926F5683B0067202E /* Data Model */ = {
			isa = PBXGroup;
			children = (
				40E583F726F568370067202E /* Category.swift */,
				40E583FA26F5684E0067202E /* Item.swift */,
			);
			path = "Data Model";
			sourceTree = "<group>";
		};
		AD2FB583DA1DB22235C18A54 /* Frameworks */ = {
			isa = PBXGroup;
			children = (
				F1D4314C43A11439278B710F /* Pods_TodoApp.framework */,
			);
			name = Frameworks;
			sourceTree = "<group>";
		};
/* End PBXGroup section */

/* Begin PBXNativeTarget section */
		40E583D926F567180067202E /* TodoApp */ = {
			isa = PBXNativeTarget;
			buildConfigurationList = 40E583EE26F5671B0067202E /* Build configuration list for PBXNativeTarget "TodoApp" */;
			buildPhases = (
				827E020923A60687BEEED4F6 /* [CP] Check Pods Manifest.lock */,
				40E583D626F567180067202E /* Sources */,
				40E583D726F567180067202E /* Frameworks */,
				40E583D826F567180067202E /* Resources */,
				D2BAD7675D0914F600E9CDBD /* [CP] Embed Pods Frameworks */,
			);
			buildRules = (
			);
			dependencies = (
			);
			name = TodoApp;
			productName = TodoApp;
			productReference = 40E583DA26F567180067202E /* TodoApp.app */;
			productType = "com.apple.product-type.application";
		};
/* End PBXNativeTarget section */

/* Begin PBXProject section */
		40E583D226F567180067202E /* Project object */ = {
			isa = PBXProject;
			attributes = {
				LastSwiftUpdateCheck = 1250;
				LastUpgradeCheck = 1250;
				TargetAttributes = {
					40E583D926F567180067202E = {
						CreatedOnToolsVersion = 12.5.1;
					};
				};
			};
			buildConfigurationList = 40E583D526F567180067202E /* Build configuration list for PBXProject "TodoApp" */;
			compatibilityVersion = "Xcode 9.3";
			developmentRegion = en;
			hasScannedForEncodings = 0;
			knownRegions = (
				en,
				Base,
			);
			mainGroup = 40E583D126F567180067202E;
			productRefGroup = 40E583DB26F567180067202E /* Products */;
			projectDirPath = "";
			projectRoot = "";
			targets = (
				40E583D926F567180067202E /* TodoApp */,
			);
		};
/* End PBXProject section */

/* Begin PBXResourcesBuildPhase section */
		40E583D826F567180067202E /* Resources */ = {
			isa = PBXResourcesBuildPhase;
			buildActionMask = 2147483647;
			files = (
				40E583EA26F5671B0067202E /* LaunchScreen.storyboard in Resources */,
				40E583E726F5671B0067202E /* Assets.xcassets in Resources */,
				40E583E526F567180067202E /* Main.storyboard in Resources */,
			);
			runOnlyForDeploymentPostprocessing = 0;
		};
/* End PBXResourcesBuildPhase section */

/* Begin PBXShellScriptBuildPhase section */
		827E020923A60687BEEED4F6 /* [CP] Check Pods Manifest.lock */ = {
			isa = PBXShellScriptBuildPhase;
			buildActionMask = 2147483647;
			files = (
			);
			inputFileListPaths = (
			);
			inputPaths = (
				"${PODS_PODFILE_DIR_PATH}/Podfile.lock",
				"${PODS_ROOT}/Manifest.lock",
			);
			name = "[CP] Check Pods Manifest.lock";
			outputFileListPaths = (
			);
			outputPaths = (
				"$(DERIVED_FILE_DIR)/Pods-TodoApp-checkManifestLockResult.txt",
			);
			runOnlyForDeploymentPostprocessing = 0;
			shellPath = /bin/sh;
			shellScript = "diff \"${PODS_PODFILE_DIR_PATH}/Podfile.lock\" \"${PODS_ROOT}/Manifest.lock\" > /dev/null\nif [ $? != 0 ] ; then\n    # print error to STDERR\n    echo \"error: The sandbox is not in sync with the Podfile.lock. Run 'pod install' or update your CocoaPods installation.\" >&2\n    exit 1\nfi\n# This output is used by Xcode 'outputs' to avoid re-running this script phase.\necho \"SUCCESS\" > \"${SCRIPT_OUTPUT_FILE_0}\"\n";
			showEnvVarsInLog = 0;
		};
		D2BAD7675D0914F600E9CDBD /* [CP] Embed Pods Frameworks */ = {
			isa = PBXShellScriptBuildPhase;
			buildActionMask = 2147483647;
			files = (
			);
			inputFileListPaths = (
				"${PODS_ROOT}/Target Support Files/Pods-TodoApp/Pods-TodoApp-frameworks-${CONFIGURATION}-input-files.xcfilelist",
			);
			name = "[CP] Embed Pods Frameworks";
			outputFileListPaths = (
				"${PODS_ROOT}/Target Support Files/Pods-TodoApp/Pods-TodoApp-frameworks-${CONFIGURATION}-output-files.xcfilelist",
			);
			runOnlyForDeploymentPostprocessing = 0;
			shellPath = /bin/sh;
			shellScript = "\"${PODS_ROOT}/Target Support Files/Pods-TodoApp/Pods-TodoApp-frameworks.sh\"\n";
			showEnvVarsInLog = 0;
		};
/* End PBXShellScriptBuildPhase section */

/* Begin PBXSourcesBuildPhase section */
		40E583D626F567180067202E /* Sources */ = {
			isa = PBXSourcesBuildPhase;
			buildActionMask = 2147483647;
			files = (
				40E583F426F567F80067202E /* ToDoListViewController.swift in Sources */,
				40E583E226F567180067202E /* CategoryViewController.swift in Sources */,
				40E583DE26F567180067202E /* AppDelegate.swift in Sources */,
				40E583E026F567180067202E /* SceneDelegate.swift in Sources */,
				40E583FB26F5684E0067202E /* Item.swift in Sources */,
				40E583F626F5681C0067202E /* SwipeTableViewController.swift in Sources */,
				40E583F826F568370067202E /* Category.swift in Sources */,
			);
			runOnlyForDeploymentPostprocessing = 0;
		};
/* End PBXSourcesBuildPhase section */

/* Begin PBXVariantGroup section */
		40E583E326F567180067202E /* Main.storyboard */ = {
			isa = PBXVariantGroup;
			children = (
				40E583E426F567180067202E /* Base */,
			);
			name = Main.storyboard;
			sourceTree = "<group>";
		};
		40E583E826F5671B0067202E /* LaunchScreen.storyboard */ = {
			isa = PBXVariantGroup;
			children = (
				40E583E926F5671B0067202E /* Base */,
			);
			name = LaunchScreen.storyboard;
			sourceTree = "<group>";
		};
/* End PBXVariantGroup section */

/* Begin XCBuildConfiguration section */
		40E583EC26F5671B0067202E /* Debug */ = {
			isa = XCBuildConfiguration;
			buildSettings = {
				ALWAYS_SEARCH_USER_PATHS = NO;
				CLANG_ANALYZER_NONNULL = YES;
				CLANG_ANALYZER_NUMBER_OBJECT_CONVERSION = YES_AGGRESSIVE;
				CLANG_CXX_LANGUAGE_STANDARD = "gnu++14";
				CLANG_CXX_LIBRARY = "libc++";
				CLANG_ENABLE_MODULES = YES;
				CLANG_ENABLE_OBJC_ARC = YES;
				CLANG_ENABLE_OBJC_WEAK = YES;
				CLANG_WARN_BLOCK_CAPTURE_AUTORELEASING = YES;
				CLANG_WARN_BOOL_CONVERSION = YES;
				CLANG_WARN_COMMA = YES;
				CLANG_WARN_CONSTANT_CONVERSION = YES;
				CLANG_WARN_DEPRECATED_OBJC_IMPLEMENTATIONS = YES;
				CLANG_WARN_DIRECT_OBJC_ISA_USAGE = YES_ERROR;
				CLANG_WARN_DOCUMENTATION_COMMENTS = YES;
				CLANG_WARN_EMPTY_BODY = YES;
				CLANG_WARN_ENUM_CONVERSION = YES;
				CLANG_WARN_INFINITE_RECURSION = YES;
				CLANG_WARN_INT_CONVERSION = YES;
				CLANG_WARN_NON_LITERAL_NULL_CONVERSION = YES;
				CLANG_WARN_OBJC_IMPLICIT_RETAIN_SELF = YES;
				CLANG_WARN_OBJC_LITERAL_CONVERSION = YES;
				CLANG_WARN_OBJC_ROOT_CLASS = YES_ERROR;
				CLANG_WARN_QUOTED_INCLUDE_IN_FRAMEWORK_HEADER = YES;
				CLANG_WARN_RANGE_LOOP_ANALYSIS = YES;
				CLANG_WARN_STRICT_PROTOTYPES = YES;
				CLANG_WARN_SUSPICIOUS_MOVE = YES;
				CLANG_WARN_UNGUARDED_AVAILABILITY = YES_AGGRESSIVE;
				CLANG_WARN_UNREACHABLE_CODE = YES;
				CLANG_WARN__DUPLICATE_METHOD_MATCH = YES;
				COPY_PHASE_STRIP = NO;
				DEBUG_INFORMATION_FORMAT = dwarf;
				ENABLE_STRICT_OBJC_MSGSEND = YES;
				ENABLE_TESTABILITY = YES;
				GCC_C_LANGUAGE_STANDARD = gnu11;
				GCC_DYNAMIC_NO_PIC = NO;
				GCC_NO_COMMON_BLOCKS = YES;
				GCC_OPTIMIZATION_LEVEL = 0;
				GCC_PREPROCESSOR_DEFINITIONS = (
					"DEBUG=1",
					"$(inherited)",
				);
				GCC_WARN_64_TO_32_BIT_CONVERSION = YES;
				GCC_WARN_ABOUT_RETURN_TYPE = YES_ERROR;
				GCC_WARN_UNDECLARED_SELECTOR = YES;
				GCC_WARN_UNINITIALIZED_AUTOS = YES_AGGRESSIVE;
				GCC_WARN_UNUSED_FUNCTION = YES;
				GCC_WARN_UNUSED_VARIABLE = YES;
				IPHONEOS_DEPLOYMENT_TARGET = 14.5;
				MTL_ENABLE_DEBUG_INFO = INCLUDE_SOURCE;
				MTL_FAST_MATH = YES;
				ONLY_ACTIVE_ARCH = YES;
				SDKROOT = iphoneos;
				SWIFT_ACTIVE_COMPILATION_CONDITIONS = DEBUG;
				SWIFT_OPTIMIZATION_LEVEL = "-Onone";
			};
			name = Debug;
		};
		40E583ED26F5671B0067202E /* Release */ = {
			isa = XCBuildConfiguration;
			buildSettings = {
				ALWAYS_SEARCH_USER_PATHS = NO;
				CLANG_ANALYZER_NONNULL = YES;
				CLANG_ANALYZER_NUMBER_OBJECT_CONVERSION = YES_AGGRESSIVE;
				CLANG_CXX_LANGUAGE_STANDARD = "gnu++14";
				CLANG_CXX_LIBRARY = "libc++";
				CLANG_ENABLE_MODULES = YES;
				CLANG_ENABLE_OBJC_ARC = YES;
				CLANG_ENABLE_OBJC_WEAK = YES;
				CLANG_WARN_BLOCK_CAPTURE_AUTORELEASING = YES;
				CLANG_WARN_BOOL_CONVERSION = YES;
				CLANG_WARN_COMMA = YES;
				CLANG_WARN_CONSTANT_CONVERSION = YES;
				CLANG_WARN_DEPRECATED_OBJC_IMPLEMENTATIONS = YES;
				CLANG_WARN_DIRECT_OBJC_ISA_USAGE = YES_ERROR;
				CLANG_WARN_DOCUMENTATION_COMMENTS = YES;
				CLANG_WARN_EMPTY_BODY = YES;
				CLANG_WARN_ENUM_CONVERSION = YES;
				CLANG_WARN_INFINITE_RECURSION = YES;
				CLANG_WARN_INT_CONVERSION = YES;
				CLANG_WARN_NON_LITERAL_NULL_CONVERSION = YES;
				CLANG_WARN_OBJC_IMPLICIT_RETAIN_SELF = YES;
				CLANG_WARN_OBJC_LITERAL_CONVERSION = YES;
				CLANG_WARN_OBJC_ROOT_CLASS = YES_ERROR;
				CLANG_WARN_QUOTED_INCLUDE_IN_FRAMEWORK_HEADER = YES;
				CLANG_WARN_RANGE_LOOP_ANALYSIS = YES;
				CLANG_WARN_STRICT_PROTOTYPES = YES;
				CLANG_WARN_SUSPICIOUS_MOVE = YES;
				CLANG_WARN_UNGUARDED_AVAILABILITY = YES_AGGRESSIVE;
				CLANG_WARN_UNREACHABLE_CODE = YES;
				CLANG_WARN__DUPLICATE_METHOD_MATCH = YES;
				COPY_PHASE_STRIP = NO;
				DEBUG_INFORMATION_FORMAT = "dwarf-with-dsym";
				ENABLE_NS_ASSERTIONS = NO;
				ENABLE_STRICT_OBJC_MSGSEND = YES;
				GCC_C_LANGUAGE_STANDARD = gnu11;
				GCC_NO_COMMON_BLOCKS = YES;
				GCC_WARN_64_TO_32_BIT_CONVERSION = YES;
				GCC_WARN_ABOUT_RETURN_TYPE = YES_ERROR;
				GCC_WARN_UNDECLARED_SELECTOR = YES;
				GCC_WARN_UNINITIALIZED_AUTOS = YES_AGGRESSIVE;
				GCC_WARN_UNUSED_FUNCTION = YES;
				GCC_WARN_UNUSED_VARIABLE = YES;
				IPHONEOS_DEPLOYMENT_TARGET = 14.5;
				MTL_ENABLE_DEBUG_INFO = NO;
				MTL_FAST_MATH = YES;
				SDKROOT = iphoneos;
				SWIFT_COMPILATION_MODE = wholemodule;
				SWIFT_OPTIMIZATION_LEVEL = "-O";
				VALIDATE_PRODUCT = YES;
			};
			name = Release;
		};
		40E583EF26F5671B0067202E /* Debug */ = {
			isa = XCBuildConfiguration;
			baseConfigurationReference = 8928F5DB1C10FDF7A78BBE00 /* Pods-TodoApp.debug.xcconfig */;
			buildSettings = {
				ASSETCATALOG_COMPILER_APPICON_NAME = AppIcon;
				ASSETCATALOG_COMPILER_GLOBAL_ACCENT_COLOR_NAME = AccentColor;
				CODE_SIGN_STYLE = Automatic;
				DEVELOPMENT_TEAM = NAXFNJ64WF;
				INFOPLIST_FILE = TodoApp/Info.plist;
				LD_RUNPATH_SEARCH_PATHS = (
					"$(inherited)",
					"@executable_path/Frameworks",
				);
				PRODUCT_BUNDLE_IDENTIFIER = com.cristiancosta.TodoApp;
				PRODUCT_NAME = "$(TARGET_NAME)";
				SWIFT_VERSION = 5.0;
				TARGETED_DEVICE_FAMILY = 1;
			};
			name = Debug;
		};
		40E583F026F5671B0067202E /* Release */ = {
			isa = XCBuildConfiguration;
			baseConfigurationReference = AA1AD0D4282FD954FC0249D7 /* Pods-TodoApp.release.xcconfig */;
			buildSettings = {
				ASSETCATALOG_COMPILER_APPICON_NAME = AppIcon;
				ASSETCATALOG_COMPILER_GLOBAL_ACCENT_COLOR_NAME = AccentColor;
				CODE_SIGN_STYLE = Automatic;
				DEVELOPMENT_TEAM = NAXFNJ64WF;
				INFOPLIST_FILE = TodoApp/Info.plist;
				LD_RUNPATH_SEARCH_PATHS = (
					"$(inherited)",
					"@executable_path/Frameworks",
				);
				PRODUCT_BUNDLE_IDENTIFIER = com.cristiancosta.TodoApp;
				PRODUCT_NAME = "$(TARGET_NAME)";
				SWIFT_VERSION = 5.0;
				TARGETED_DEVICE_FAMILY = 1;
			};
			name = Release;
		};
/* End XCBuildConfiguration section */

/* Begin XCConfigurationList section */
		40E583D526F567180067202E /* Build configuration list for PBXProject "TodoApp" */ = {
			isa = XCConfigurationList;
			buildConfigurations = (
				40E583EC26F5671B0067202E /* Debug */,
				40E583ED26F5671B0067202E /* Release */,
			);
			defaultConfigurationIsVisible = 0;
			defaultConfigurationName = Release;
		};
		40E583EE26F5671B0067202E /* Build configuration list for PBXNativeTarget "TodoApp" */ = {
			isa = XCConfigurationList;
			buildConfigurations = (
				40E583EF26F5671B0067202E /* Debug */,
				40E583F026F5671B0067202E /* Release */,
			);
			defaultConfigurationIsVisible = 0;
			defaultConfigurationName = Release;
		};
/* End XCConfigurationList section */
	};
	rootObject = 40E583D226F567180067202E /* Project object */;
}
